{
  "name": "house-md-scripts",
  "lockfileVersion": 3,
  "requires": true,
  "packages": {
    "": {
      "name": "house-md-scripts",
      "dependencies": {
        "@moss-dev/moss": "^1.4.1",
        "ws": "^8.18.0"
      }
    },
    "node_modules/@moss-dev/moss": {
      "version": "1.4.1",
      "resolved": "https://registry.npmjs.org/@moss-dev/moss/-/moss-1.4.1.tgz",
      "integrity": "sha512-0eA6Y7BytghVf0QY+lW+b5rbY/vE+2DheEattVun0urSGN3EuvSwYxI+y5GBZLDFCjoaQSTqvTB2SC9vY7aPxw==",
      "license": "SEE LICENSE IN LICENSE",
      "dependencies": {
        "@moss-dev/moss-core": "0.20.1"
      },
      "engines": {
        "node": ">=20.4"
      }
    },
    "node_modules/@moss-dev/moss-core": {
      "version": "0.20.1",
      "resolved": "https://registry.npmjs.org/@moss-dev/moss-core/-/moss-core-0.20.1.tgz",
      "integrity": "sha512-yk9lweZgKjT9QhJ5sb0Nb7upNsijpQ26jaOuT3mI6UXkysEat2/nYc4RRZnUJWeZw8+k2tX2COo0UZ3tzwHe+A==",
      "license": "Proprietary",
      "engines": {
        "node": ">=20"
      },
      "optionalDependencies": {
        "@moss-dev/moss-core-darwin-arm64": "0.20.1",
        "@moss-dev/moss-core-darwin-x64": "0.20.1",
        "@moss-dev/moss-core-linux-arm64-gnu": "0.20.1",
        "@moss-dev/moss-core-linux-x64-gnu": "0.20.1",
        "@moss-dev/moss-core-win32-x64-msvc": "0.20.1"
      }
    },
    "node_modules/@moss-dev/moss-core-darwin-arm64": {
      "version": "0.20.1",
      "resolved": "https://registry.npmjs.org/@moss-dev/moss-core-darwin-arm64/-/moss-core-darwin-arm64-0.20.1.tgz",
      "integrity": "sha512-FlPmYuKiZr3jm+RNTdyz1eMZ1UqkLCnuS67E6AZ0xysTIc3uel9cJ1XO2426hxX29c5Cxcgz8PvGVlyy+NRetw==",
      "cpu": [
        "arm64"
      ],
      "license": "Proprietary",
      "optional": true,
      "os": [
        "darwin"
      ],
      "engines": {
        "node": ">=20"
      }
    },
    "node_modules/@moss-dev/moss-core-darwin-x64": {
      "version": "0.20.1",
      "resolved": "https://registry.npmjs.org/@moss-dev/moss-core-darwin-x64/-/moss-core-darwin-x64-0.20.1.tgz",
      "integrity": "sha512-/x4ThBm/+DTA9f+qI5vnvHz1GJce02JP5UZoEnUaS2mGRXOADWlEw75+irMKdaxTC9E9LaTnzXdoJAriQNswRQ==",
      "cpu": [
        "x64"
      ],
      "license": "Proprietary",
      "optional": true,
      "os": [
        "darwin"
      ],
      "engines": {
        "node": ">=20"
      }
    },
    "node_modules/@moss-dev/moss-core-linux-arm64-gnu": {
      "version": "0.20.1",
      "resolved": "https://registry.npmjs.org/@moss-dev/moss-core-linux-arm64-gnu/-/moss-core-linux-arm64-gnu-0.20.1.tgz",
      "integrity": "sha512-nsGjFQffgeTKOxS6j3b8iw4hsKYlijiUV1B4gYD8hGsx27+ItIx1b7ZYW1iYI+udB1zP4SmEyOLhhJvDtfDE6w==",
      "cpu": [
        "arm64"
      ],
      "libc": [
        "glibc"
      ],
      "license": "Proprietary",
      "optional": true,
      "os": [
        "linux"
      ],
      "engines": {
        "node": ">=20"
      }
    },
    "node_modules/@moss-dev/moss-core-linux-x64-gnu": {
      "version": "0.20.1",
      "resolved": "https://registry.npmjs.org/@moss-dev/moss-core-linux-x64-gnu/-/moss-core-linux-x64-gnu-0.20.1.tgz",
      "integrity": "sha512-qppzVdaeNVV1OyrVky6kxuZZoQ2KqTmKzwOECdlcRcaEdvkXb9LpzDEcFkVZrKJdp7TOdCdRMvahCiN2t4ic4A==",
      "cpu": [
        "x64"
      ],
      "libc": [
        "glibc"
      ],
      "license": "Proprietary",
      "optional": true,
      "os": [
        "linux"
      ],
      "engines": {
        "node": ">=20"
      }
    },
    "node_modules/@moss-dev/moss-core-win32-x64-msvc": {
      "version": "0.20.1",
      "resolved": "https://registry.npmjs.org/@moss-dev/moss-core-win32-x64-msvc/-/moss-core-win32-x64-msvc-0.20.1.tgz",
      "integrity": "sha512-VLyKeokmC4yVzNFtKpnTXJca9Bk8RZMvShkggKyU2qndiYsTxaEVNJJvRqkRYnXFNJ8y1SJjk7/Vo/M4FTx0Bg==",
      "cpu": [
        "x64"
      ],
      "license": "Proprietary",
      "optional": true,
      "os": [
        "win32"
      ],
      "engines": {
        "node": ">=20"
      }
    },
    "node_modules/ws": {
      "version": "8.21.1",
      "resolved": "https://registry.npmjs.org/ws/-/ws-8.21.1.tgz",
      "integrity": "sha512-+0NTnW77fFN/DjQi6k/Sq/Yvk4Sgajw7urW8V+asjXnRgDs9gyGkdb7EzgfhA4goXsRIZKE28fzIXBHEzhuiWw==",
      "license": "MIT",
      "engines": {
        "node": ">=10.0.0"
      },
      "peerDependencies": {
        "bufferutil": "^4.0.1",
        "utf-8-validate": ">=5.0.2"
      },
      "peerDependenciesMeta": {
        "bufferutil": {
          "optional": true
        },
        "utf-8-validate": {
          "optional": true
        }
      }
    }
  }
}
